
Microsoft Visual Studio Solution File, Format Version 12.00
# Visual Studio Version 16
VisualStudioVersion = 16.0.31729.503
MinimumVisualStudioVersion = 10.0.40219.1
Project("{FAE04EC0-301F-11D3-BF4B-00C04F79EFBC}") = "AsyncExercise", "AsyncExercise.csproj", "{09F34EE4-845C-42EB-B421-6BB9A3A98FAC}"
EndProject
Global
	GlobalSection(SolutionConfigurationPlatforms) = preSolution
		Debug|Any CPU = Debug|Any CPU
		Release|Any CPU = Release|Any CPU
	EndGlobalSection
	GlobalSection(ProjectConfigurationPlatforms) = postSolution
		{09F34EE4-845C-42EB-B421-6BB9A3A98FAC}.Debug|Any CPU.ActiveCfg = Debug|Any CPU
		{09F34EE4-845C-42EB-B421-6BB9A3A98FAC}.Debug|Any CPU.Build.0 = Debug|Any CPU
		{09F34EE4-845C-42EB-B421-6BB9A3A98FAC}.Release|Any CPU.ActiveCfg = Release|Any CPU
		{09F34EE4-845C-42EB-B421-6BB9A3A98FAC}.Release|Any CPU.Build.0 = Release|Any CPU
	EndGlobalSection
	GlobalSection(SolutionProperties) = preSolution
		HideSolutionNode = FALSE
	EndGlobalSection
	GlobalSection(ExtensibilityGlobals) = postSolution
		SolutionGuid = {A5CA1526-AD69-4007-A011-CDCB7D092B48}
	EndGlobalSection
EndGlobal
